
Microsoft Visual Studio Solution File, Format Version 12.00
# Visual Studio 15
VisualStudioVersion = 15.0.28307.168
MinimumVisualStudioVersion = 10.0.40219.1
Project("{FAE04EC0-301F-11D3-BF4B-00C04F79EFBC}") = "017_ReLearning", "017_ReLearning\017_ReLearning.csproj", "{0CA11E67-B092-4077-B6F7-D54C8F8BBA2E}"
EndProject
Global
	GlobalSection(SolutionConfigurationPlatforms) = preSolution
		Debug|Any CPU = Debug|Any CPU
		Release|Any CPU = Release|Any CPU
	EndGlobalSection
	GlobalSection(ProjectConfigurationPlatforms) = postSolution
		{0CA11E67-B092-4077-B6F7-D54C8F8BBA2E}.Debug|Any CPU.ActiveCfg = Debug|Any CPU
		{0CA11E67-B092-4077-B6F7-D54C8F8BBA2E}.Debug|Any CPU.Build.0 = Debug|Any CPU
		{0CA11E67-B092-4077-B6F7-D54C8F8BBA2E}.Release|Any CPU.ActiveCfg = Release|Any CPU
		{0CA11E67-B092-4077-B6F7-D54C8F8BBA2E}.Release|Any CPU.Build.0 = Release|Any CPU
	EndGlobalSection
	GlobalSection(SolutionProperties) = preSolution
		HideSolutionNode = FALSE
	EndGlobalSection
	GlobalSection(ExtensibilityGlobals) = postSolution
		SolutionGuid = {7DB0820D-6305-4D2C-A96E-FB52354E61C8}
	EndGlobalSection
EndGlobal
