
Microsoft Visual Studio Solution File, Format Version 12.00
# Visual Studio 15
VisualStudioVersion = 15.0.28307.168
MinimumVisualStudioVersion = 10.0.40219.1
Project("{FAE04EC0-301F-11D3-BF4B-00C04F79EFBC}") = "014_Game", "014_Game\014_Game.csproj", "{3B9B31A3-83AE-4E9C-B06E-A55370FE7BE4}"
EndProject
Global
	GlobalSection(SolutionConfigurationPlatforms) = preSolution
		Debug|Any CPU = Debug|Any CPU
		Release|Any CPU = Release|Any CPU
	EndGlobalSection
	GlobalSection(ProjectConfigurationPlatforms) = postSolution
		{3B9B31A3-83AE-4E9C-B06E-A55370FE7BE4}.Debug|Any CPU.ActiveCfg = Debug|Any CPU
		{3B9B31A3-83AE-4E9C-B06E-A55370FE7BE4}.Debug|Any CPU.Build.0 = Debug|Any CPU
		{3B9B31A3-83AE-4E9C-B06E-A55370FE7BE4}.Release|Any CPU.ActiveCfg = Release|Any CPU
		{3B9B31A3-83AE-4E9C-B06E-A55370FE7BE4}.Release|Any CPU.Build.0 = Release|Any CPU
	EndGlobalSection
	GlobalSection(SolutionProperties) = preSolution
		HideSolutionNode = FALSE
	EndGlobalSection
	GlobalSection(ExtensibilityGlobals) = postSolution
		SolutionGuid = {56836CB8-7370-41EB-815E-FEC4CADAFBF8}
	EndGlobalSection
EndGlobal
