
Microsoft Visual Studio Solution File, Format Version 12.00
# Visual Studio 15
VisualStudioVersion = 15.0.28307.168
MinimumVisualStudioVersion = 10.0.40219.1
Project("{FAE04EC0-301F-11D3-BF4B-00C04F79EFBC}") = "006_SimpleMathGame", "006_SimpleMathGame\006_SimpleMathGame.csproj", "{A05C72F2-3DC4-4606-BA18-3ED527CD3445}"
EndProject
Global
	GlobalSection(SolutionConfigurationPlatforms) = preSolution
		Debug|Any CPU = Debug|Any CPU
		Release|Any CPU = Release|Any CPU
	EndGlobalSection
	GlobalSection(ProjectConfigurationPlatforms) = postSolution
		{A05C72F2-3DC4-4606-BA18-3ED527CD3445}.Debug|Any CPU.ActiveCfg = Debug|Any CPU
		{A05C72F2-3DC4-4606-BA18-3ED527CD3445}.Debug|Any CPU.Build.0 = Debug|Any CPU
		{A05C72F2-3DC4-4606-BA18-3ED527CD3445}.Release|Any CPU.ActiveCfg = Release|Any CPU
		{A05C72F2-3DC4-4606-BA18-3ED527CD3445}.Release|Any CPU.Build.0 = Release|Any CPU
	EndGlobalSection
	GlobalSection(SolutionProperties) = preSolution
		HideSolutionNode = FALSE
	EndGlobalSection
	GlobalSection(ExtensibilityGlobals) = postSolution
		SolutionGuid = {518D7087-875E-4C3C-8974-7A5F3B6705FF}
	EndGlobalSection
EndGlobal
